
Microsoft Visual Studio Solution File, Format Version 12.00
# Visual Studio Version 17
VisualStudioVersion = 17.0.31919.166
MinimumVisualStudioVersion = 10.0.40219.1
Project("{FAE04EC0-301F-11D3-BF4B-00C04F79EFBC}") = "4-3", "4-3\4-3.csproj", "{2D9613B3-7E17-4E3F-A94F-09331FBF43E3}"
EndProject
Global
	GlobalSection(SolutionConfigurationPlatforms) = preSolution
		Debug|Any CPU = Debug|Any CPU
		Release|Any CPU = Release|Any CPU
	EndGlobalSection
	GlobalSection(ProjectConfigurationPlatforms) = postSolution
		{2D9613B3-7E17-4E3F-A94F-09331FBF43E3}.Debug|Any CPU.ActiveCfg = Debug|Any CPU
		{2D9613B3-7E17-4E3F-A94F-09331FBF43E3}.Debug|Any CPU.Build.0 = Debug|Any CPU
		{2D9613B3-7E17-4E3F-A94F-09331FBF43E3}.Release|Any CPU.ActiveCfg = Release|Any CPU
		{2D9613B3-7E17-4E3F-A94F-09331FBF43E3}.Release|Any CPU.Build.0 = Release|Any CPU
	EndGlobalSection
	GlobalSection(SolutionProperties) = preSolution
		HideSolutionNode = FALSE
	EndGlobalSection
	GlobalSection(ExtensibilityGlobals) = postSolution
		SolutionGuid = {6849C8FC-110F-4D02-A0A3-F7DA5481ADFF}
	EndGlobalSection
EndGlobal
