
Microsoft Visual Studio Solution File, Format Version 12.00
# Visual Studio Version 17
VisualStudioVersion = 17.0.31919.166
MinimumVisualStudioVersion = 10.0.40219.1
Project("{FAE04EC0-301F-11D3-BF4B-00C04F79EFBC}") = "4-4", "4-4\4-4.csproj", "{DA37A748-7618-41D6-9AA5-3CE48F013230}"
EndProject
Global
	GlobalSection(SolutionConfigurationPlatforms) = preSolution
		Debug|Any CPU = Debug|Any CPU
		Release|Any CPU = Release|Any CPU
	EndGlobalSection
	GlobalSection(ProjectConfigurationPlatforms) = postSolution
		{DA37A748-7618-41D6-9AA5-3CE48F013230}.Debug|Any CPU.ActiveCfg = Debug|Any CPU
		{DA37A748-7618-41D6-9AA5-3CE48F013230}.Debug|Any CPU.Build.0 = Debug|Any CPU
		{DA37A748-7618-41D6-9AA5-3CE48F013230}.Release|Any CPU.ActiveCfg = Release|Any CPU
		{DA37A748-7618-41D6-9AA5-3CE48F013230}.Release|Any CPU.Build.0 = Release|Any CPU
	EndGlobalSection
	GlobalSection(SolutionProperties) = preSolution
		HideSolutionNode = FALSE
	EndGlobalSection
	GlobalSection(ExtensibilityGlobals) = postSolution
		SolutionGuid = {7CF23E60-89AC-4C1A-86C6-3D49F0373EBE}
	EndGlobalSection
EndGlobal
